{
  "requires": true,
  "lockfileVersion": 1,
  "dependencies": {
    "@cspotcode/source-map-consumer": {
      "version": "0.8.0",
      "resolved": "https://registry.nlark.com/@cspotcode/source-map-consumer/download/@cspotcode/source-map-consumer-0.8.0.tgz?cache=0&sync_timestamp=1628465044726&other_urls=https%3A%2F%2Fregistry.nlark.com%2F%40cspotcode%2Fsource-map-consumer%2Fdownload%2F%40cspotcode%2Fsource-map-consumer-0.8.0.tgz",
      "integrity": "sha1-M79LeznBeIIWBvZpu8RHpqYpeGs="
    },
    "@cspotcode/source-map-support": {
      "version": "0.7.0",
      "resolved": "https://registry.npmmirror.com/@cspotcode/source-map-support/download/@cspotcode/source-map-support-0.7.0.tgz",
      "integrity": "sha1-R4mECqhZ5G0vMXNyercHxmvzRPU=",
      "requires": {
        "@cspotcode/source-map-consumer": "0.8.0"
      }
    },
    "@discoveryjs/json-ext": {
      "version": "0.5.6",
      "resolved": "https://registry.npmmirror.com/@discoveryjs/json-ext/download/@discoveryjs/json-ext-0.5.6.tgz",
      "integrity": "sha512-ws57AidsDvREKrZKYffXddNkyaF14iHNHm8VQnZH6t99E8gczjNN0GpvcGny0imC80yQ0tHz1xVUKk/KFQSUyA==",
      "dev": true
    },
    "@tsconfig/node10": {
      "version": "1.0.8",
      "resolved": "https://registry.nlark.com/@tsconfig/node10/download/@tsconfig/node10-1.0.8.tgz?cache=0&sync_timestamp=1623230253873&other_urls=https%3A%2F%2Fregistry.nlark.com%2F%40tsconfig%2Fnode10%2Fdownload%2F%40tsconfig%2Fnode10-1.0.8.tgz",
      "integrity": "sha1-weToDW+WT77LM1nEO9SLQPfK2tk="
    },
    "@tsconfig/node12": {
      "version": "1.0.9",
      "resolved": "https://registry.npmmirror.com/@tsconfig/node12/download/@tsconfig/node12-1.0.9.tgz",
      "integrity": "sha1-YsH23uLr2a6tgNw6+laBDljhoEw="
    },
    "@tsconfig/node14": {
      "version": "1.0.1",
      "resolved": "https://registry.nlark.com/@tsconfig/node14/download/@tsconfig/node14-1.0.1.tgz?cache=0&sync_timestamp=1623230252928&other_urls=https%3A%2F%2Fregistry.nlark.com%2F%40tsconfig%2Fnode14%2Fdownload%2F%40tsconfig%2Fnode14-1.0.1.tgz",
      "integrity": "sha1-lfLRZ/+5uNIGiwsjUwL6/U33EfI="
    },
    "@tsconfig/node16": {
      "version": "1.0.2",
      "resolved": "https://registry.nlark.com/@tsconfig/node16/download/@tsconfig/node16-1.0.2.tgz",
      "integrity": "sha1-Qjx3h30Fadsg4fyAiFrEEYMUAQ4="
    },
    "@webpack-cli/configtest": {
      "version": "1.1.0",
      "resolved": "https://registry.npmmirror.com/@webpack-cli/configtest/download/@webpack-cli/configtest-1.1.0.tgz",
      "integrity": "sha1-g0K+8Lrft9/TtXbyV0q4DHJb4EM=",
      "dev": true
    },
    "@webpack-cli/info": {
      "version": "1.4.0",
      "resolved": "https://registry.npmmirror.com/@webpack-cli/info/download/@webpack-cli/info-1.4.0.tgz",
      "integrity": "sha1-uRecMierCcu7FJqnM0dfz5lDAiM=",
      "dev": true,
      "requires": {
        "envinfo": "^7.7.3"
      }
    },
    "@webpack-cli/serve": {
      "version": "1.6.0",
      "resolved": "https://registry.npmmirror.com/@webpack-cli/serve/download/@webpack-cli/serve-1.6.0.tgz",
      "integrity": "sha1-LCdaoFyJXszrv8NM+yI8bovVkaI=",
      "dev": true
    },
    "acorn": {
      "version": "8.7.0",
      "resolved": "https://registry.npmmirror.com/acorn/download/acorn-8.7.0.tgz",
      "integrity": "sha512-V/LGr1APy+PXIwKebEWrkZPwoeoF+w1jiOBUmuxuiUIaOHtob8Qc9BTrYo7VuI5fR8tqsy+buA2WFooR5olqvQ=="
    },
    "acorn-walk": {
      "version": "8.2.0",
      "resolved": "https://registry.nlark.com/acorn-walk/download/acorn-walk-8.2.0.tgz?cache=0&sync_timestamp=1630916588767&other_urls=https%3A%2F%2Fregistry.nlark.com%2Facorn-walk%2Fdownload%2Facorn-walk-8.2.0.tgz",
      "integrity": "sha1-dBIQ8uJCZFRQiFOi9E0KuDt/acE="
    },
    "arg": {
      "version": "4.1.3",
      "resolved": "https://registry.npmmirror.com/arg/download/arg-4.1.3.tgz",
      "integrity": "sha512-58S9QDqG0Xx27YwPSt9fJxivjYl432YCwfDMfZ+71RAqUrZef7LrKQZ3LHLOwCS4FLNBplP533Zx895SeOCHvA=="
    },
    "clone-deep": {
      "version": "4.0.1",
      "resolved": "https://registry.nlark.com/clone-deep/download/clone-deep-4.0.1.tgz",
      "integrity": "sha1-wZ/Zvbv4WUK0/ZechNz31fB8I4c=",
      "dev": true,
      "requires": {
        "is-plain-object": "^2.0.4",
        "kind-of": "^6.0.2",
        "shallow-clone": "^3.0.0"
      }
    },
    "colorette": {
      "version": "2.0.16",
      "resolved": "https://registry.npmmirror.com/colorette/download/colorette-2.0.16.tgz?cache=0&sync_timestamp=1633673060735&other_urls=https%3A%2F%2Fregistry.npmmirror.com%2Fcolorette%2Fdownload%2Fcolorette-2.0.16.tgz",
      "integrity": "sha1-cTua+E/bAAE58EVGvUqT9ipQhdo=",
      "dev": true
    },
    "commander": {
      "version": "7.2.0",
      "resolved": "https://registry.npmmirror.com/commander/download/commander-7.2.0.tgz",
      "integrity": "sha512-QrWXB+ZQSVPmIWIhtEO9H+gwHaMGYiF5ChvoJ+K9ZGHG/sVsa6yiesAD1GC/x46sET00Xlwo1u49RVVVzvcSkw==",
      "dev": true
    },
    "create-require": {
      "version": "1.1.1",
      "resolved": "https://registry.nlark.com/create-require/download/create-require-1.1.1.tgz",
      "integrity": "sha1-wdfo8eX2z8n/ZfnNNS03NIdWwzM="
    },
    "cross-spawn": {
      "version": "7.0.3",
      "resolved": "https://registry.nlark.com/cross-spawn/download/cross-spawn-7.0.3.tgz",
      "integrity": "sha1-9zqFudXUHQRVUcF34ogtSshXKKY=",
      "dev": true,
      "requires": {
        "path-key": "^3.1.0",
        "shebang-command": "^2.0.0",
        "which": "^2.0.1"
      }
    },
    "diff": {
      "version": "4.0.2",
      "resolved": "https://registry.nlark.com/diff/download/diff-4.0.2.tgz?cache=0&sync_timestamp=1624608104914&other_urls=https%3A%2F%2Fregistry.nlark.com%2Fdiff%2Fdownload%2Fdiff-4.0.2.tgz",
      "integrity": "sha1-YPOuy4nV+uUgwRqhnvwruYKq3n0="
    },
    "envinfo": {
      "version": "7.8.1",
      "resolved": "https://registry.npmmirror.com/envinfo/download/envinfo-7.8.1.tgz",
      "integrity": "sha1-Bjd+Pl9NN5/qesWS1a2JJ+DE1HU=",
      "dev": true
    },
    "execa": {
      "version": "5.1.1",
      "resolved": "https://registry.npmmirror.com/execa/download/execa-5.1.1.tgz?cache=0&sync_timestamp=1637147318007&other_urls=https%3A%2F%2Fregistry.npmmirror.com%2Fexeca%2Fdownload%2Fexeca-5.1.1.tgz",
      "integrity": "sha1-+ArZy/Qpj3vR1MlVXCHpN0HEEd0=",
      "dev": true,
      "requires": {
        "cross-spawn": "^7.0.3",
        "get-stream": "^6.0.0",
        "human-signals": "^2.1.0",
        "is-stream": "^2.0.0",
        "merge-stream": "^2.0.0",
        "npm-run-path": "^4.0.1",
        "onetime": "^5.1.2",
        "signal-exit": "^3.0.3",
        "strip-final-newline": "^2.0.0"
      }
    },
    "fastest-levenshtein": {
      "version": "1.0.12",
      "resolved": "https://registry.nlark.com/fastest-levenshtein/download/fastest-levenshtein-1.0.12.tgz",
      "integrity": "sha1-mZD306iMxan/0fF0V0UlFwDUl+I=",
      "dev": true
    },
    "find-up": {
      "version": "4.1.0",
      "resolved": "https://registry.npmmirror.com/find-up/download/find-up-4.1.0.tgz",
      "integrity": "sha1-l6/n1s3AvFkoWEt8jXsW6KmqXRk=",
      "dev": true,
      "requires": {
        "locate-path": "^5.0.0",
        "path-exists": "^4.0.0"
      }
    },
    "function-bind": {
      "version": "1.1.1",
      "resolved": "https://registry.npm.taobao.org/function-bind/download/function-bind-1.1.1.tgz",
      "integrity": "sha1-pWiZ0+o8m6uHS7l3O3xe3pL0iV0=",
      "dev": true
    },
    "get-stream": {
      "version": "6.0.1",
      "resolved": "https://registry.nlark.com/get-stream/download/get-stream-6.0.1.tgz",
      "integrity": "sha1-omLY7vZ6ztV8KFKtYWdSakPL97c=",
      "dev": true
    },
    "has": {
      "version": "1.0.3",
      "resolved": "https://registry.nlark.com/has/download/has-1.0.3.tgz",
      "integrity": "sha1-ci18v8H2qoJB8W3YFOAR4fQeh5Y=",
      "dev": true,
      "requires": {
        "function-bind": "^1.1.1"
      }
    },
    "human-signals": {
      "version": "2.1.0",
      "resolved": "https://registry.nlark.com/human-signals/download/human-signals-2.1.0.tgz",
      "integrity": "sha1-3JH8ukLk0G5Kuu0zs+ejwC9RTqA=",
      "dev": true
    },
    "import-local": {
      "version": "3.0.3",
      "resolved": "https://registry.npmmirror.com/import-local/download/import-local-3.0.3.tgz",
      "integrity": "sha1-TVHCxJXKk5PaJZ7Ga2LgIpICEeA=",
      "dev": true,
      "requires": {
        "pkg-dir": "^4.2.0",
        "resolve-cwd": "^3.0.0"
      }
    },
    "interpret": {
      "version": "2.2.0",
      "resolved": "https://registry.nlark.com/interpret/download/interpret-2.2.0.tgz?cache=0&sync_timestamp=1624607963441&other_urls=https%3A%2F%2Fregistry.nlark.com%2Finterpret%2Fdownload%2Finterpret-2.2.0.tgz",
      "integrity": "sha1-GnigtZZcQKVBbQB61vUK0nxBffk=",
      "dev": true
    },
    "is-core-module": {
      "version": "2.8.0",
      "resolved": "https://registry.npmmirror.com/is-core-module/download/is-core-module-2.8.0.tgz?cache=0&sync_timestamp=1634236702465&other_urls=https%3A%2F%2Fregistry.npmmirror.com%2Fis-core-module%2Fdownload%2Fis-core-module-2.8.0.tgz",
      "integrity": "sha1-AyEzbD0JJeSX/Zf12VyxFKXM1Ug=",
      "dev": true,
      "requires": {
        "has": "^1.0.3"
      }
    },
    "is-plain-object": {
      "version": "2.0.4",
      "resolved": "https://registry.nlark.com/is-plain-object/download/is-plain-object-2.0.4.tgz",
      "integrity": "sha1-LBY7P6+xtgbZ0Xko8FwqHDjgdnc=",
      "dev": true,
      "requires": {
        "isobject": "^3.0.1"
      }
    },
    "is-stream": {
      "version": "2.0.1",
      "resolved": "https://registry.nlark.com/is-stream/download/is-stream-2.0.1.tgz",
      "integrity": "sha1-+sHj1TuXrVqdCunO8jifWBClwHc=",
      "dev": true
    },
    "isexe": {
      "version": "2.0.0",
      "resolved": "https://registry.nlark.com/isexe/download/isexe-2.0.0.tgz",
      "integrity": "sha1-6PvzdNxVb/iUehDcsFctYz8s+hA=",
      "dev": true
    },
    "isobject": {
      "version": "3.0.1",
      "resolved": "https://registry.npmmirror.com/isobject/download/isobject-3.0.1.tgz",
      "integrity": "sha512-WhB9zCku7EGTj/HQQRz5aUQEUeoQZH2bWcltRErOpymJ4boYE6wL9Tbr23krRPSZ+C5zqNSrSw+Cc7sZZ4b7vg==",
      "dev": true
    },
    "kind-of": {
      "version": "6.0.3",
      "resolved": "https://registry.npm.taobao.org/kind-of/download/kind-of-6.0.3.tgz",
      "integrity": "sha1-B8BQNKbDSfoG4k+jWqdttFgM5N0=",
      "dev": true
    },
    "locate-path": {
      "version": "5.0.0",
      "resolved": "https://registry.nlark.com/locate-path/download/locate-path-5.0.0.tgz",
      "integrity": "sha1-Gvujlq/WdqbUJQTQpno6frn2KqA=",
      "dev": true,
      "requires": {
        "p-locate": "^4.1.0"
      }
    },
    "make-error": {
      "version": "1.3.6",
      "resolved": "https://registry.nlark.com/make-error/download/make-error-1.3.6.tgz",
      "integrity": "sha1-LrLjfqm2fEiR9oShOUeZr0hM96I="
    },
    "merge-stream": {
      "version": "2.0.0",
      "resolved": "https://registry.nlark.com/merge-stream/download/merge-stream-2.0.0.tgz?cache=0&sync_timestamp=1622025345923&other_urls=https%3A%2F%2Fregistry.nlark.com%2Fmerge-stream%2Fdownload%2Fmerge-stream-2.0.0.tgz",
      "integrity": "sha1-UoI2KaFN0AyXcPtq1H3GMQ8sH2A=",
      "dev": true
    },
    "mimic-fn": {
      "version": "2.1.0",
      "resolved": "https://registry.npm.taobao.org/mimic-fn/download/mimic-fn-2.1.0.tgz?cache=0&sync_timestamp=1617823824094&other_urls=https%3A%2F%2Fregistry.npm.taobao.org%2Fmimic-fn%2Fdownload%2Fmimic-fn-2.1.0.tgz",
      "integrity": "sha1-ftLCzMyvhNP/y3pptXcR/CCDQBs=",
      "dev": true
    },
    "npm-run-path": {
      "version": "4.0.1",
      "resolved": "https://registry.npmmirror.com/npm-run-path/download/npm-run-path-4.0.1.tgz?cache=0&sync_timestamp=1633420566316&other_urls=https%3A%2F%2Fregistry.npmmirror.com%2Fnpm-run-path%2Fdownload%2Fnpm-run-path-4.0.1.tgz",
      "integrity": "sha1-t+zR5e1T2o43pV4cImnguX7XSOo=",
      "dev": true,
      "requires": {
        "path-key": "^3.0.0"
      }
    },
    "onetime": {
      "version": "5.1.2",
      "resolved": "https://registry.nlark.com/onetime/download/onetime-5.1.2.tgz",
      "integrity": "sha1-0Oluu1awdHbfHdnEgG5SN5hcpF4=",
      "dev": true,
      "requires": {
        "mimic-fn": "^2.1.0"
      }
    },
    "p-limit": {
      "version": "2.3.0",
      "resolved": "https://registry.nlark.com/p-limit/download/p-limit-2.3.0.tgz?cache=0&sync_timestamp=1628812721654&other_urls=https%3A%2F%2Fregistry.nlark.com%2Fp-limit%2Fdownload%2Fp-limit-2.3.0.tgz",
      "integrity": "sha1-PdM8ZHohT9//2DWTPrCG2g3CHbE=",
      "dev": true,
      "requires": {
        "p-try": "^2.0.0"
      }
    },
    "p-locate": {
      "version": "4.1.0",
      "resolved": "https://registry.nlark.com/p-locate/download/p-locate-4.1.0.tgz?cache=0&sync_timestamp=1629892708584&other_urls=https%3A%2F%2Fregistry.nlark.com%2Fp-locate%2Fdownload%2Fp-locate-4.1.0.tgz",
      "integrity": "sha1-o0KLtwiLOmApL2aRkni3wpetTwc=",
      "dev": true,
      "requires": {
        "p-limit": "^2.2.0"
      }
    },
    "p-try": {
      "version": "2.2.0",
      "resolved": "https://registry.npmmirror.com/p-try/download/p-try-2.2.0.tgz",
      "integrity": "sha1-yyhoVA4xPWHeWPr741zpAE1VQOY=",
      "dev": true
    },
    "path-exists": {
      "version": "4.0.0",
      "resolved": "https://registry.nlark.com/path-exists/download/path-exists-4.0.0.tgz?cache=0&other_urls=https%3A%2F%2Fregistry.nlark.com%2Fpath-exists%2Fdownload%2Fpath-exists-4.0.0.tgz",
      "integrity": "sha1-UTvb4tO5XXdi6METfvoZXGxhtbM=",
      "dev": true
    },
    "path-key": {
      "version": "3.1.1",
      "resolved": "https://registry.npm.taobao.org/path-key/download/path-key-3.1.1.tgz?cache=0&sync_timestamp=1617971691339&other_urls=https%3A%2F%2Fregistry.npm.taobao.org%2Fpath-key%2Fdownload%2Fpath-key-3.1.1.tgz",
      "integrity": "sha1-WB9q3mWMu6ZaDTOA3ndTKVBU83U=",
      "dev": true
    },
    "path-parse": {
      "version": "1.0.7",
      "resolved": "https://registry.nlark.com/path-parse/download/path-parse-1.0.7.tgz",
      "integrity": "sha1-+8EUtgykKzDZ2vWFjkvWi77bZzU=",
      "dev": true
    },
    "pkg-dir": {
      "version": "4.2.0",
      "resolved": "https://registry.npmmirror.com/pkg-dir/download/pkg-dir-4.2.0.tgz",
      "integrity": "sha1-8JkTPfft5CLoHR2ESCcO6z5CYfM=",
      "dev": true,
      "requires": {
        "find-up": "^4.0.0"
      }
    },
    "rechoir": {
      "version": "0.7.1",
      "resolved": "https://registry.nlark.com/rechoir/download/rechoir-0.7.1.tgz",
      "integrity": "sha1-lHipahyhNbXoj8An8D7pLWxkVoY=",
      "dev": true,
      "requires": {
        "resolve": "^1.9.0"
      }
    },
    "resolve": {
      "version": "1.21.0",
      "resolved": "https://registry.npmmirror.com/resolve/download/resolve-1.21.0.tgz",
      "integrity": "sha512-3wCbTpk5WJlyE4mSOtDLhqQmGFi0/TD9VPwmiolnk8U0wRgMEktqCXd3vy5buTO3tljvalNvKrjHEfrd2WpEKA==",
      "dev": true,
      "requires": {
        "is-core-module": "^2.8.0",
        "path-parse": "^1.0.7",
        "supports-preserve-symlinks-flag": "^1.0.0"
      }
    },
    "resolve-cwd": {
      "version": "3.0.0",
      "resolved": "https://registry.nlark.com/resolve-cwd/download/resolve-cwd-3.0.0.tgz",
      "integrity": "sha1-DwB18bslRHZs9zumpuKt/ryxPy0=",
      "dev": true,
      "requires": {
        "resolve-from": "^5.0.0"
      }
    },
    "resolve-from": {
      "version": "5.0.0",
      "resolved": "https://registry.nlark.com/resolve-from/download/resolve-from-5.0.0.tgz",
      "integrity": "sha1-w1IlhD3493bfIcV1V7wIfp39/Gk=",
      "dev": true
    },
    "shallow-clone": {
      "version": "3.0.1",
      "resolved": "https://registry.npm.taobao.org/shallow-clone/download/shallow-clone-3.0.1.tgz",
      "integrity": "sha1-jymBrZJTH1UDWwH7IwdppA4C76M=",
      "dev": true,
      "requires": {
        "kind-of": "^6.0.2"
      }
    },
    "shebang-command": {
      "version": "2.0.0",
      "resolved": "https://registry.npm.taobao.org/shebang-command/download/shebang-command-2.0.0.tgz",
      "integrity": "sha1-zNCvT4g1+9wmW4JGGq8MNmY/NOo=",
      "dev": true,
      "requires": {
        "shebang-regex": "^3.0.0"
      }
    },
    "shebang-regex": {
      "version": "3.0.0",
      "resolved": "https://registry.nlark.com/shebang-regex/download/shebang-regex-3.0.0.tgz?cache=0&sync_timestamp=1628896304371&other_urls=https%3A%2F%2Fregistry.nlark.com%2Fshebang-regex%2Fdownload%2Fshebang-regex-3.0.0.tgz",
      "integrity": "sha1-rhbxZE2HPsrYQ7AwexQzYtTEIXI=",
      "dev": true
    },
    "signal-exit": {
      "version": "3.0.6",
      "resolved": "https://registry.npmmirror.com/signal-exit/download/signal-exit-3.0.6.tgz?cache=0&other_urls=https%3A%2F%2Fregistry.npmmirror.com%2Fsignal-exit%2Fdownload%2Fsignal-exit-3.0.6.tgz",
      "integrity": "sha512-sDl4qMFpijcGw22U5w63KmD3cZJfBuFlVNbVMKje2keoKML7X2UzWbc4XrmEbDwg0NXJc3yv4/ox7b+JWb57kQ==",
      "dev": true
    },
    "strip-final-newline": {
      "version": "2.0.0",
      "resolved": "https://registry.nlark.com/strip-final-newline/download/strip-final-newline-2.0.0.tgz?cache=0&sync_timestamp=1620047319874&other_urls=https%3A%2F%2Fregistry.nlark.com%2Fstrip-final-newline%2Fdownload%2Fstrip-final-newline-2.0.0.tgz",
      "integrity": "sha1-ibhS+y/L6Tb29LMYevsKEsGrWK0=",
      "dev": true
    },
    "supports-preserve-symlinks-flag": {
      "version": "1.0.0",
      "resolved": "https://registry.npmmirror.com/supports-preserve-symlinks-flag/download/supports-preserve-symlinks-flag-1.0.0.tgz",
      "integrity": "sha512-ot0WnXS9fgdkgIcePe6RHNk1WA8+muPa6cSjeR3V8K27q9BB1rTE3R1p7Hv0z1ZyAc8s6Vvv8DIyWf681MAt0w==",
      "dev": true
    },
    "ts-node": {
      "version": "10.4.0",
      "resolved": "https://registry.npmmirror.com/ts-node/download/ts-node-10.4.0.tgz?cache=0&sync_timestamp=1636407241218&other_urls=https%3A%2F%2Fregistry.npmmirror.com%2Fts-node%2Fdownload%2Fts-node-10.4.0.tgz",
      "integrity": "sha1-aA+IlFiF9ObPRQ5/DWIj3UBIlfc=",
      "requires": {
        "@cspotcode/source-map-support": "0.7.0",
        "@tsconfig/node10": "^1.0.7",
        "@tsconfig/node12": "^1.0.7",
        "@tsconfig/node14": "^1.0.0",
        "@tsconfig/node16": "^1.0.2",
        "acorn": "^8.4.1",
        "acorn-walk": "^8.1.1",
        "arg": "^4.1.0",
        "create-require": "^1.1.0",
        "diff": "^4.0.1",
        "make-error": "^1.1.1",
        "yn": "3.1.1"
      }
    },
    "webpack-cli": {
      "version": "4.9.1",
      "resolved": "https://registry.npmmirror.com/webpack-cli/download/webpack-cli-4.9.1.tgz",
      "integrity": "sha512-JYRFVuyFpzDxMDB+v/nanUdQYcZtqFPGzmlW4s+UkPMFhSpfRNmf1z4AwYcHJVdvEFAM7FFCQdNTpsBYhDLusQ==",
      "dev": true,
      "requires": {
        "@discoveryjs/json-ext": "^0.5.0",
        "@webpack-cli/configtest": "^1.1.0",
        "@webpack-cli/info": "^1.4.0",
        "@webpack-cli/serve": "^1.6.0",
        "colorette": "^2.0.14",
        "commander": "^7.0.0",
        "execa": "^5.0.0",
        "fastest-levenshtein": "^1.0.12",
        "import-local": "^3.0.2",
        "interpret": "^2.2.0",
        "rechoir": "^0.7.0",
        "webpack-merge": "^5.7.3"
      }
    },
    "webpack-merge": {
      "version": "5.8.0",
      "resolved": "https://registry.nlark.com/webpack-merge/download/webpack-merge-5.8.0.tgz",
      "integrity": "sha1-Kznb8ir4d3atdEw5AiNzHTCmj2E=",
      "dev": true,
      "requires": {
        "clone-deep": "^4.0.1",
        "wildcard": "^2.0.0"
      }
    },
    "which": {
      "version": "2.0.2",
      "resolved": "https://registry.nlark.com/which/download/which-2.0.2.tgz",
      "integrity": "sha1-fGqN0KY2oDJ+ELWckobu6T8/UbE=",
      "dev": true,
      "requires": {
        "isexe": "^2.0.0"
      }
    },
    "wildcard": {
      "version": "2.0.0",
      "resolved": "https://registry.npm.taobao.org/wildcard/download/wildcard-2.0.0.tgz",
      "integrity": "sha1-p30g5SAMb6qsl55LOq3Hs91/j+w=",
      "dev": true
    },
    "yn": {
      "version": "3.1.1",
      "resolved": "https://registry.nlark.com/yn/download/yn-3.1.1.tgz?cache=0&sync_timestamp=1628974764210&other_urls=https%3A%2F%2Fregistry.nlark.com%2Fyn%2Fdownload%2Fyn-3.1.1.tgz",
      "integrity": "sha1-HodAGgnXZ8HV6rJqbkwYUYLS61A="
    }
  }
}
